{
  "lockfileVersion": 1,
  "configVersion": 1,
  "workspaces": {
    "": {
      "name": "ai",
      "devDependencies": {
        "@types/bun": "latest",
      },
      "peerDependencies": {
        "typescript": "^5.9.3",
      },
    },
    "actions/comment": {
      "name": "comment",
    },
    "actions/commit": {
      "name": "commit",
    },
    "actions/edit": {
      "name": "edit",
    },
    "actions/join": {
      "name": "join",
    },
    "actions/lint": {
      "name": "fix",
    },
    "actions/tree": {
      "name": "tree",
    },
    "generator/bun": {
      "name": "bun",
    },
    "generator/cli": {
      "name": "cli",
    },
    "meta": {
      "name": "meta",
      "devDependencies": {
        "@metafor/space": "link:@metafor/space",
        "@types/bun": "latest",
      },
    },
    "tools/keyboard": {
      "name": "ai-keyboard",
      "version": "1.0.0",
      "devDependencies": {
        "@types/bun": "latest",
      },
    },
    "tools/vision": {
      "name": "ai-vision",
      "version": "1.0.0",
      "devDependencies": {
        "@types/bun": "latest",
      },
    },
    "tools/window": {
      "name": "ai-window",
      "version": "1.0.0",
      "devDependencies": {
        "@types/bun": "latest",
      },
    },
    "ui/tree-explorer": {
      "name": "tree-explorer",
      "version": "1.0.0",
      "bin": {
        "tree-explorer": "./index.ts",
      },
      "dependencies": {
        "tui-base": "file:../tui-base",
      },
    },
    "ui/tui": {
      "name": "tui",
      "version": "1.0.0",
      "dependencies": {
        "ai-chat": "workspace:*",
        "ai-keyboard": "workspace:*",
        "ai-window": "workspace:*",
        "tui-base": "workspace:*",
      },
    },
    "ui/tui-base": {
      "name": "tui-base",
      "version": "1.0.0",
      "peerDependencies": {
        "bun-types": "latest",
      },
    },
    "web/chat": {
      "name": "ai-chat",
      "version": "1.0.0",
      "dependencies": {
        "ai-keyboard": "workspace:*",
        "ai-window": "workspace:*",
      },
      "devDependencies": {
        "@types/bun": "latest",
      },
    },
  },
  "packages": {
    "@metafor/space": ["@metafor/space@link:@metafor/space", {}],

    "@types/bun": ["@types/bun@1.3.5", "", { "dependencies": { "bun-types": "1.3.5" } }, "sha512-RnygCqNrd3srIPEWBd5LFeUYG7plCoH2Yw9WaZGyNmdTEei+gWaHqydbaIRkIkcbXwhBT94q78QljxN0Sk838w=="],

    "@types/node": ["@types/node@25.0.3", "", { "dependencies": { "undici-types": "~7.16.0" } }, "sha512-W609buLVRVmeW693xKfzHeIV6nJGGz98uCPfeXI1ELMLXVeKYZ9m15fAMSaUPBHYLGFsVRcMmSCksQOrZV9BYA=="],

    "ai-chat": ["ai-chat@workspace:web/chat"],

    "ai-keyboard": ["ai-keyboard@workspace:tools/keyboard"],

    "ai-vision": ["ai-vision@workspace:tools/vision"],

    "ai-window": ["ai-window@workspace:tools/window"],

    "bun": ["bun@workspace:generator/bun"],

    "bun-types": ["bun-types@1.3.5", "", { "dependencies": { "@types/node": "*" } }, "sha512-inmAYe2PFLs0SUbFOWSVD24sg1jFlMPxOjOSSCYqUgn4Hsc3rDc7dFvfVYjFPNHtov6kgUeulV4SxbuIV/stPw=="],

    "cli": ["cli@workspace:generator/cli"],

    "comment": ["comment@workspace:actions/comment"],

    "commit": ["commit@workspace:actions/commit"],

    "edit": ["edit@workspace:actions/edit"],

    "fix": ["fix@workspace:actions/lint"],

    "join": ["join@workspace:actions/join"],

    "meta": ["meta@workspace:meta"],

    "tree": ["tree@workspace:actions/tree"],

    "tree-explorer": ["tree-explorer@workspace:ui/tree-explorer"],

    "tui": ["tui@workspace:ui/tui"],

    "tui-base": ["tui-base@workspace:ui/tui-base"],

    "typescript": ["typescript@5.9.3", "", { "bin": { "tsc": "bin/tsc", "tsserver": "bin/tsserver" } }, "sha512-jl1vZzPDinLr9eUt3J/t7V6FgNEw9QjvBPdysz9KfQDD41fQrC2Y4vKQdiaUpFT4bXlb1RHhLpp8wtm6M5TgSw=="],

    "undici-types": ["undici-types@7.16.0", "", {}, "sha512-Zz+aZWSj8LE6zoxD+xrjh4VfkIG8Ya6LvYkZqtUQGJPZjYl53ypCaUwWqo7eI0x66KBGeRo+mlBEkMSeSZ38Nw=="],

    "meta/@types/bun": ["@types/bun@1.3.7", "", { "dependencies": { "bun-types": "1.3.7" } }, "sha512-lmNuMda+Z9b7tmhA0tohwy8ZWFSnmQm1UDWXtH5r9F7wZCfkeO3Jx7wKQ1EOiKq43yHts7ky6r8SDJQWRNupkA=="],

    "meta/@types/bun/bun-types": ["bun-types@1.3.7", "", { "dependencies": { "@types/node": "*" } }, "sha512-qyschsA03Qz+gou+apt6HNl6HnI+sJJLL4wLDke4iugsE6584CMupOtTY1n+2YC9nGVrEKUlTs99jjRLKgWnjQ=="],
  }
}
